// !$*UTF8*$!
{
	archiveVersion = 1;
	classes = {
	};
	objectVersion = 56;
	objects = {

/* Begin PBXBuildFile section */
		BC33DBEC28F2B59C0051852D /* helpers.cpp in Sources */ = {isa = PBXBuildFile; fileRef = BC33DBEA28F2B59C0051852D /* helpers.cpp */; };
		BC33DBF228F2B9830051852D /* FileImg.cpp in Sources */ = {isa = PBXBuildFile; fileRef = BC33DBF128F2B9830051852D /* FileImg.cpp */; };
		BC474A1728F1FA82004EB2C5 /* libopencv_core.4.5.3.dylib in Embed Libraries */ = {isa = PBXBuildFile; fileRef = BC768BAC28F1CAA50096965A /* libopencv_core.4.5.3.dylib */; settings = {ATTRIBUTES = (CodeSignOnCopy, ); }; };
		BC768BAD28F1CAA50096965A /* libopencv_core.4.5.3.dylib in Frameworks */ = {isa = PBXBuildFile; fileRef = BC768BAC28F1CAA50096965A /* libopencv_core.4.5.3.dylib */; settings = {ATTRIBUTES = (Required, ); }; };
		BCF5516928F1C8F600389123 /* main.cpp in Sources */ = {isa = PBXBuildFile; fileRef = BCF5516828F1C8F600389123 /* main.cpp */; };
		BCF5517528F1C97000389123 /* libopencv_imgproc.4.5.3.dylib in Frameworks */ = {isa = PBXBuildFile; fileRef = BCF5517128F1C97000389123 /* libopencv_imgproc.4.5.3.dylib */; };
		BCF5517628F1C97000389123 /* libopencv_imgproc.4.5.3.dylib in Embed Libraries */ = {isa = PBXBuildFile; fileRef = BCF5517128F1C97000389123 /* libopencv_imgproc.4.5.3.dylib */; settings = {ATTRIBUTES = (CodeSignOnCopy, ); }; };
		BCF5517728F1C97000389123 /* libopencv_imgcodecs.4.5.3.dylib in Frameworks */ = {isa = PBXBuildFile; fileRef = BCF5517228F1C97000389123 /* libopencv_imgcodecs.4.5.3.dylib */; };
		BCF5517828F1C97000389123 /* libopencv_imgcodecs.4.5.3.dylib in Embed Libraries */ = {isa = PBXBuildFile; fileRef = BCF5517228F1C97000389123 /* libopencv_imgcodecs.4.5.3.dylib */; settings = {ATTRIBUTES = (CodeSignOnCopy, ); }; };
		BCF5517928F1C97000389123 /* libopencv_highgui.4.5.3.dylib in Frameworks */ = {isa = PBXBuildFile; fileRef = BCF5517328F1C97000389123 /* libopencv_highgui.4.5.3.dylib */; };
		BCF5517A28F1C97000389123 /* libopencv_highgui.4.5.3.dylib in Embed Libraries */ = {isa = PBXBuildFile; fileRef = BCF5517328F1C97000389123 /* libopencv_highgui.4.5.3.dylib */; settings = {ATTRIBUTES = (CodeSignOnCopy, ); }; };
/* End PBXBuildFile section */

/* Begin PBXCopyFilesBuildPhase section */
		BCF5516328F1C8F600389123 /* CopyFiles */ = {
			isa = PBXCopyFilesBuildPhase;
			buildActionMask = 2147483647;
			dstPath = /usr/share/man/man1/;
			dstSubfolderSpec = 0;
			files = (
			);
			runOnlyForDeploymentPostprocessing = 1;
		};
		BCF5517D28F1C97000389123 /* Embed Libraries */ = {
			isa = PBXCopyFilesBuildPhase;
			buildActionMask = 12;
			dstPath = "";
			dstSubfolderSpec = 10;
			files = (
				BC474A1728F1FA82004EB2C5 /* libopencv_core.4.5.3.dylib in Embed Libraries */,
				BCF5517828F1C97000389123 /* libopencv_imgcodecs.4.5.3.dylib in Embed Libraries */,
				BCF5517628F1C97000389123 /* libopencv_imgproc.4.5.3.dylib in Embed Libraries */,
				BCF5517A28F1C97000389123 /* libopencv_highgui.4.5.3.dylib in Embed Libraries */,
			);
			name = "Embed Libraries";
			runOnlyForDeploymentPostprocessing = 0;
		};
/* End PBXCopyFilesBuildPhase section */

/* Begin PBXFileReference section */
		BC1E190328F2D1970059AD67 /* Colors.hpp */ = {isa = PBXFileReference; lastKnownFileType = sourcecode.cpp.h; path = Colors.hpp; sourceTree = "<group>"; };
		BC33DBEA28F2B59C0051852D /* helpers.cpp */ = {isa = PBXFileReference; lastKnownFileType = sourcecode.cpp.cpp; path = helpers.cpp; sourceTree = "<group>"; };
		BC33DBEB28F2B59C0051852D /* helpers.hpp */ = {isa = PBXFileReference; lastKnownFileType = sourcecode.cpp.h; path = helpers.hpp; sourceTree = "<group>"; };
		BC33DBEF28F2B5BA0051852D /* FileImg.hpp */ = {isa = PBXFileReference; lastKnownFileType = sourcecode.cpp.h; path = FileImg.hpp; sourceTree = "<group>"; };
		BC33DBF128F2B9830051852D /* FileImg.cpp */ = {isa = PBXFileReference; lastKnownFileType = sourcecode.cpp.cpp; path = FileImg.cpp; sourceTree = "<group>"; };
		BC768BAC28F1CAA50096965A /* libopencv_core.4.5.3.dylib */ = {isa = PBXFileReference; lastKnownFileType = "compiled.mach-o.dylib"; name = libopencv_core.4.5.3.dylib; path = ../../../../usr/local/Cellar/opencv/4.5.3_2/lib/libopencv_core.4.5.3.dylib; sourceTree = "<group>"; };
		BC768BAE28F1CADE0096965A /* simple-yolo-annotator.entitlements */ = {isa = PBXFileReference; lastKnownFileType = text.plist.entitlements; path = "simple-yolo-annotator.entitlements"; sourceTree = "<group>"; };
		BCF5516528F1C8F600389123 /* simple-yolo-annotator */ = {isa = PBXFileReference; explicitFileType = "compiled.mach-o.executable"; includeInIndex = 0; path = "simple-yolo-annotator"; sourceTree = BUILT_PRODUCTS_DIR; };
		BCF5516828F1C8F600389123 /* main.cpp */ = {isa = PBXFileReference; lastKnownFileType = sourcecode.cpp.cpp; path = main.cpp; sourceTree = "<group>"; };
		BCF5517128F1C97000389123 /* libopencv_imgproc.4.5.3.dylib */ = {isa = PBXFileReference; lastKnownFileType = "compiled.mach-o.dylib"; name = libopencv_imgproc.4.5.3.dylib; path = ../../../../usr/local/Cellar/opencv/4.5.3_2/lib/libopencv_imgproc.4.5.3.dylib; sourceTree = "<group>"; };
		BCF5517228F1C97000389123 /* libopencv_imgcodecs.4.5.3.dylib */ = {isa = PBXFileReference; lastKnownFileType = "compiled.mach-o.dylib"; name = libopencv_imgcodecs.4.5.3.dylib; path = ../../../../usr/local/Cellar/opencv/4.5.3_2/lib/libopencv_imgcodecs.4.5.3.dylib; sourceTree = "<group>"; };
		BCF5517328F1C97000389123 /* libopencv_highgui.4.5.3.dylib */ = {isa = PBXFileReference; lastKnownFileType = "compiled.mach-o.dylib"; name = libopencv_highgui.4.5.3.dylib; path = ../../../../usr/local/Cellar/opencv/4.5.3_2/lib/libopencv_highgui.4.5.3.dylib; sourceTree = "<group>"; };
/* End PBXFileReference section */

/* Begin PBXFrameworksBuildPhase section */
		BCF5516228F1C8F600389123 /* Frameworks */ = {
			isa = PBXFrameworksBuildPhase;
			buildActionMask = 2147483647;
			files = (
				BC768BAD28F1CAA50096965A /* libopencv_core.4.5.3.dylib in Frameworks */,
				BCF5517728F1C97000389123 /* libopencv_imgcodecs.4.5.3.dylib in Frameworks */,
				BCF5517528F1C97000389123 /* libopencv_imgproc.4.5.3.dylib in Frameworks */,
				BCF5517928F1C97000389123 /* libopencv_highgui.4.5.3.dylib in Frameworks */,
			);
			runOnlyForDeploymentPostprocessing = 0;
		};
/* End PBXFrameworksBuildPhase section */

/* Begin PBXGroup section */
		BC33DBE528F2B5330051852D /* lib */ = {
			isa = PBXGroup;
			children = (
				BC33DBEA28F2B59C0051852D /* helpers.cpp */,
				BC33DBF128F2B9830051852D /* FileImg.cpp */,
				BC33DBED28F2B5A50051852D /* headers */,
			);
			path = lib;
			sourceTree = "<group>";
		};
		BC33DBED28F2B5A50051852D /* headers */ = {
			isa = PBXGroup;
			children = (
				BC33DBEB28F2B59C0051852D /* helpers.hpp */,
				BC33DBEF28F2B5BA0051852D /* FileImg.hpp */,
				BC1E190328F2D1970059AD67 /* Colors.hpp */,
			);
			path = headers;
			sourceTree = "<group>";
		};
		BCF5515C28F1C8F600389123 = {
			isa = PBXGroup;
			children = (
				BCF5516728F1C8F600389123 /* simple-yolo-annotator */,
				BCF5516628F1C8F600389123 /* Products */,
				BCF5516F28F1C90700389123 /* Frameworks */,
			);
			sourceTree = "<group>";
		};
		BCF5516628F1C8F600389123 /* Products */ = {
			isa = PBXGroup;
			children = (
				BCF5516528F1C8F600389123 /* simple-yolo-annotator */,
			);
			name = Products;
			sourceTree = "<group>";
		};
		BCF5516728F1C8F600389123 /* simple-yolo-annotator */ = {
			isa = PBXGroup;
			children = (
				BC33DBE528F2B5330051852D /* lib */,
				BC768BAE28F1CADE0096965A /* simple-yolo-annotator.entitlements */,
				BCF5516828F1C8F600389123 /* main.cpp */,
			);
			path = "simple-yolo-annotator";
			sourceTree = "<group>";
		};
		BCF5516F28F1C90700389123 /* Frameworks */ = {
			isa = PBXGroup;
			children = (
				BC768BAC28F1CAA50096965A /* libopencv_core.4.5.3.dylib */,
				BCF5517328F1C97000389123 /* libopencv_highgui.4.5.3.dylib */,
				BCF5517228F1C97000389123 /* libopencv_imgcodecs.4.5.3.dylib */,
				BCF5517128F1C97000389123 /* libopencv_imgproc.4.5.3.dylib */,
			);
			name = Frameworks;
			sourceTree = "<group>";
		};
/* End PBXGroup section */

/* Begin PBXNativeTarget section */
		BCF5516428F1C8F600389123 /* simple-yolo-annotator */ = {
			isa = PBXNativeTarget;
			buildConfigurationList = BCF5516C28F1C8F600389123 /* Build configuration list for PBXNativeTarget "simple-yolo-annotator" */;
			buildPhases = (
				BCF5516128F1C8F600389123 /* Sources */,
				BCF5516228F1C8F600389123 /* Frameworks */,
				BCF5516328F1C8F600389123 /* CopyFiles */,
				BCF5517D28F1C97000389123 /* Embed Libraries */,
			);
			buildRules = (
			);
			dependencies = (
			);
			name = "simple-yolo-annotator";
			productName = "simple-yolo-annotator";
			productReference = BCF5516528F1C8F600389123 /* simple-yolo-annotator */;
			productType = "com.apple.product-type.tool";
		};
/* End PBXNativeTarget section */

/* Begin PBXProject section */
		BCF5515D28F1C8F600389123 /* Project object */ = {
			isa = PBXProject;
			attributes = {
				BuildIndependentTargetsInParallel = 1;
				LastUpgradeCheck = 1400;
				TargetAttributes = {
					BCF5516428F1C8F600389123 = {
						CreatedOnToolsVersion = 14.0.1;
					};
				};
			};
			buildConfigurationList = BCF5516028F1C8F600389123 /* Build configuration list for PBXProject "simple-yolo-annotator" */;
			compatibilityVersion = "Xcode 14.0";
			developmentRegion = en;
			hasScannedForEncodings = 0;
			knownRegions = (
				en,
				Base,
			);
			mainGroup = BCF5515C28F1C8F600389123;
			productRefGroup = BCF5516628F1C8F600389123 /* Products */;
			projectDirPath = "";
			projectRoot = "";
			targets = (
				BCF5516428F1C8F600389123 /* simple-yolo-annotator */,
			);
		};
/* End PBXProject section */

/* Begin PBXSourcesBuildPhase section */
		BCF5516128F1C8F600389123 /* Sources */ = {
			isa = PBXSourcesBuildPhase;
			buildActionMask = 2147483647;
			files = (
				BC33DBF228F2B9830051852D /* FileImg.cpp in Sources */,
				BCF5516928F1C8F600389123 /* main.cpp in Sources */,
				BC33DBEC28F2B59C0051852D /* helpers.cpp in Sources */,
			);
			runOnlyForDeploymentPostprocessing = 0;
		};
/* End PBXSourcesBuildPhase section */

/* Begin XCBuildConfiguration section */
		BCF5516A28F1C8F600389123 /* Debug */ = {
			isa = XCBuildConfiguration;
			buildSettings = {
				ALWAYS_SEARCH_USER_PATHS = NO;
				CLANG_ANALYZER_NONNULL = YES;
				CLANG_ANALYZER_NUMBER_OBJECT_CONVERSION = YES_AGGRESSIVE;
				CLANG_CXX_LANGUAGE_STANDARD = "gnu++20";
				CLANG_ENABLE_MODULES = YES;
				CLANG_ENABLE_OBJC_ARC = YES;
				CLANG_ENABLE_OBJC_WEAK = YES;
				CLANG_WARN_BLOCK_CAPTURE_AUTORELEASING = YES;
				CLANG_WARN_BOOL_CONVERSION = YES;
				CLANG_WARN_COMMA = YES;
				CLANG_WARN_CONSTANT_CONVERSION = YES;
				CLANG_WARN_DEPRECATED_OBJC_IMPLEMENTATIONS = YES;
				CLANG_WARN_DIRECT_OBJC_ISA_USAGE = YES_ERROR;
				CLANG_WARN_DOCUMENTATION_COMMENTS = YES;
				CLANG_WARN_EMPTY_BODY = YES;
				CLANG_WARN_ENUM_CONVERSION = YES;
				CLANG_WARN_INFINITE_RECURSION = YES;
				CLANG_WARN_INT_CONVERSION = YES;
				CLANG_WARN_NON_LITERAL_NULL_CONVERSION = YES;
				CLANG_WARN_OBJC_IMPLICIT_RETAIN_SELF = YES;
				CLANG_WARN_OBJC_LITERAL_CONVERSION = YES;
				CLANG_WARN_OBJC_ROOT_CLASS = YES_ERROR;
				CLANG_WARN_QUOTED_INCLUDE_IN_FRAMEWORK_HEADER = YES;
				CLANG_WARN_RANGE_LOOP_ANALYSIS = YES;
				CLANG_WARN_STRICT_PROTOTYPES = YES;
				CLANG_WARN_SUSPICIOUS_MOVE = YES;
				CLANG_WARN_UNGUARDED_AVAILABILITY = YES_AGGRESSIVE;
				CLANG_WARN_UNREACHABLE_CODE = YES;
				CLANG_WARN__DUPLICATE_METHOD_MATCH = YES;
				COPY_PHASE_STRIP = NO;
				DEBUG_INFORMATION_FORMAT = dwarf;
				ENABLE_STRICT_OBJC_MSGSEND = YES;
				ENABLE_TESTABILITY = YES;
				GCC_C_LANGUAGE_STANDARD = gnu11;
				GCC_DYNAMIC_NO_PIC = NO;
				GCC_NO_COMMON_BLOCKS = YES;
				GCC_OPTIMIZATION_LEVEL = 0;
				GCC_PREPROCESSOR_DEFINITIONS = (
					"DEBUG=1",
					"$(inherited)",
				);
				GCC_WARN_64_TO_32_BIT_CONVERSION = YES;
				GCC_WARN_ABOUT_RETURN_TYPE = YES_ERROR;
				GCC_WARN_UNDECLARED_SELECTOR = YES;
				GCC_WARN_UNINITIALIZED_AUTOS = YES_AGGRESSIVE;
				GCC_WARN_UNUSED_FUNCTION = YES;
				GCC_WARN_UNUSED_VARIABLE = YES;
				MACOSX_DEPLOYMENT_TARGET = 12.3;
				MTL_ENABLE_DEBUG_INFO = INCLUDE_SOURCE;
				MTL_FAST_MATH = YES;
				ONLY_ACTIVE_ARCH = YES;
				SDKROOT = macosx;
			};
			name = Debug;
		};
		BCF5516B28F1C8F600389123 /* Release */ = {
			isa = XCBuildConfiguration;
			buildSettings = {
				ALWAYS_SEARCH_USER_PATHS = NO;
				CLANG_ANALYZER_NONNULL = YES;
				CLANG_ANALYZER_NUMBER_OBJECT_CONVERSION = YES_AGGRESSIVE;
				CLANG_CXX_LANGUAGE_STANDARD = "gnu++20";
				CLANG_ENABLE_MODULES = YES;
				CLANG_ENABLE_OBJC_ARC = YES;
				CLANG_ENABLE_OBJC_WEAK = YES;
				CLANG_WARN_BLOCK_CAPTURE_AUTORELEASING = YES;
				CLANG_WARN_BOOL_CONVERSION = YES;
				CLANG_WARN_COMMA = YES;
				CLANG_WARN_CONSTANT_CONVERSION = YES;
				CLANG_WARN_DEPRECATED_OBJC_IMPLEMENTATIONS = YES;
				CLANG_WARN_DIRECT_OBJC_ISA_USAGE = YES_ERROR;
				CLANG_WARN_DOCUMENTATION_COMMENTS = YES;
				CLANG_WARN_EMPTY_BODY = YES;
				CLANG_WARN_ENUM_CONVERSION = YES;
				CLANG_WARN_INFINITE_RECURSION = YES;
				CLANG_WARN_INT_CONVERSION = YES;
				CLANG_WARN_NON_LITERAL_NULL_CONVERSION = YES;
				CLANG_WARN_OBJC_IMPLICIT_RETAIN_SELF = YES;
				CLANG_WARN_OBJC_LITERAL_CONVERSION = YES;
				CLANG_WARN_OBJC_ROOT_CLASS = YES_ERROR;
				CLANG_WARN_QUOTED_INCLUDE_IN_FRAMEWORK_HEADER = YES;
				CLANG_WARN_RANGE_LOOP_ANALYSIS = YES;
				CLANG_WARN_STRICT_PROTOTYPES = YES;
				CLANG_WARN_SUSPICIOUS_MOVE = YES;
				CLANG_WARN_UNGUARDED_AVAILABILITY = YES_AGGRESSIVE;
				CLANG_WARN_UNREACHABLE_CODE = YES;
				CLANG_WARN__DUPLICATE_METHOD_MATCH = YES;
				COPY_PHASE_STRIP = NO;
				DEBUG_INFORMATION_FORMAT = "dwarf-with-dsym";
				ENABLE_NS_ASSERTIONS = NO;
				ENABLE_STRICT_OBJC_MSGSEND = YES;
				GCC_C_LANGUAGE_STANDARD = gnu11;
				GCC_NO_COMMON_BLOCKS = YES;
				GCC_WARN_64_TO_32_BIT_CONVERSION = YES;
				GCC_WARN_ABOUT_RETURN_TYPE = YES_ERROR;
				GCC_WARN_UNDECLARED_SELECTOR = YES;
				GCC_WARN_UNINITIALIZED_AUTOS = YES_AGGRESSIVE;
				GCC_WARN_UNUSED_FUNCTION = YES;
				GCC_WARN_UNUSED_VARIABLE = YES;
				MACOSX_DEPLOYMENT_TARGET = 12.3;
				MTL_ENABLE_DEBUG_INFO = NO;
				MTL_FAST_MATH = YES;
				SDKROOT = macosx;
			};
			name = Release;
		};
		BCF5516D28F1C8F600389123 /* Debug */ = {
			isa = XCBuildConfiguration;
			buildSettings = {
				CODE_SIGN_ENTITLEMENTS = "simple-yolo-annotator/simple-yolo-annotator.entitlements";
				"CODE_SIGN_IDENTITY[sdk=macosx*]" = "Apple Development";
				CODE_SIGN_STYLE = Automatic;
				DEVELOPMENT_TEAM = 4G9PNQWN97;
				ENABLE_HARDENED_RUNTIME = NO;
				HEADER_SEARCH_PATHS = /usr/local/Cellar/opencv/4.5.3_2/include/opencv4;
				LIBRARY_SEARCH_PATHS = (
					"$(inherited)",
					"/usr/local/Cellar/opencv/4.5.3_2/lib/**",
				);
				PRODUCT_NAME = "$(TARGET_NAME)";
			};
			name = Debug;
		};
		BCF5516E28F1C8F600389123 /* Release */ = {
			isa = XCBuildConfiguration;
			buildSettings = {
				CODE_SIGN_ENTITLEMENTS = "simple-yolo-annotator/simple-yolo-annotator.entitlements";
				"CODE_SIGN_IDENTITY[sdk=macosx*]" = "Apple Development";
				CODE_SIGN_STYLE = Automatic;
				DEVELOPMENT_TEAM = 4G9PNQWN97;
				ENABLE_HARDENED_RUNTIME = NO;
				HEADER_SEARCH_PATHS = /usr/local/Cellar/opencv/4.5.3_2/include/opencv4;
				LIBRARY_SEARCH_PATHS = (
					"$(inherited)",
					"/usr/local/Cellar/opencv/4.5.3_2/lib/**",
				);
				PRODUCT_NAME = "$(TARGET_NAME)";
			};
			name = Release;
		};
/* End XCBuildConfiguration section */

/* Begin XCConfigurationList section */
		BCF5516028F1C8F600389123 /* Build configuration list for PBXProject "simple-yolo-annotator" */ = {
			isa = XCConfigurationList;
			buildConfigurations = (
				BCF5516A28F1C8F600389123 /* Debug */,
				BCF5516B28F1C8F600389123 /* Release */,
			);
			defaultConfigurationIsVisible = 0;
			defaultConfigurationName = Release;
		};
		BCF5516C28F1C8F600389123 /* Build configuration list for PBXNativeTarget "simple-yolo-annotator" */ = {
			isa = XCConfigurationList;
			buildConfigurations = (
				BCF5516D28F1C8F600389123 /* Debug */,
				BCF5516E28F1C8F600389123 /* Release */,
			);
			defaultConfigurationIsVisible = 0;
			defaultConfigurationName = Release;
		};
/* End XCConfigurationList section */
	};
	rootObject = BCF5515D28F1C8F600389123 /* Project object */;
}
